
Microsoft Visual Studio Solution File, Format Version 12.00
# Visual Studio Version 16
VisualStudioVersion = 16.0.29123.88
MinimumVisualStudioVersion = 10.0.40219.1
Project("{FAE04EC0-301F-11D3-BF4B-00C04F79EFBC}") = "Client", "Client\Client.csproj", "{4335BE18-9F22-48E0-A208-5FC6B666D0E7}"
EndProject
Project("{FAE04EC0-301F-11D3-BF4B-00C04F79EFBC}") = "WebServer", "WebServer\WebServer.csproj", "{EDA0E65B-DD9C-46B0-A02C-6D06B8C13622}"
EndProject
Project("{FAE04EC0-301F-11D3-BF4B-00C04F79EFBC}") = "SharedKernel", "SharedKernel\SharedKernel.csproj", "{D5A2D48B-4CAF-426C-8266-A1EE62CDB129}"
EndProject
Global
	GlobalSection(SolutionConfigurationPlatforms) = preSolution
		Debug|Any CPU = Debug|Any CPU
		Release|Any CPU = Release|Any CPU
	EndGlobalSection
	GlobalSection(ProjectConfigurationPlatforms) = postSolution
		{4335BE18-9F22-48E0-A208-5FC6B666D0E7}.Debug|Any CPU.ActiveCfg = Debug|Any CPU
		{4335BE18-9F22-48E0-A208-5FC6B666D0E7}.Debug|Any CPU.Build.0 = Debug|Any CPU
		{4335BE18-9F22-48E0-A208-5FC6B666D0E7}.Release|Any CPU.ActiveCfg = Release|Any CPU
		{4335BE18-9F22-48E0-A208-5FC6B666D0E7}.Release|Any CPU.Build.0 = Release|Any CPU
		{EDA0E65B-DD9C-46B0-A02C-6D06B8C13622}.Debug|Any CPU.ActiveCfg = Debug|Any CPU
		{EDA0E65B-DD9C-46B0-A02C-6D06B8C13622}.Debug|Any CPU.Build.0 = Debug|Any CPU
		{EDA0E65B-DD9C-46B0-A02C-6D06B8C13622}.Release|Any CPU.ActiveCfg = Release|Any CPU
		{EDA0E65B-DD9C-46B0-A02C-6D06B8C13622}.Release|Any CPU.Build.0 = Release|Any CPU
		{D5A2D48B-4CAF-426C-8266-A1EE62CDB129}.Debug|Any CPU.ActiveCfg = Debug|Any CPU
		{D5A2D48B-4CAF-426C-8266-A1EE62CDB129}.Debug|Any CPU.Build.0 = Debug|Any CPU
		{D5A2D48B-4CAF-426C-8266-A1EE62CDB129}.Release|Any CPU.ActiveCfg = Release|Any CPU
		{D5A2D48B-4CAF-426C-8266-A1EE62CDB129}.Release|Any CPU.Build.0 = Release|Any CPU
	EndGlobalSection
	GlobalSection(SolutionProperties) = preSolution
		HideSolutionNode = FALSE
	EndGlobalSection
	GlobalSection(ExtensibilityGlobals) = postSolution
		SolutionGuid = {E96E31C8-A3B6-4415-A32C-1B34CE4C96FA}
	EndGlobalSection
EndGlobal
