
Microsoft Visual Studio Solution File, Format Version 12.00
# Visual Studio Version 16
VisualStudioVersion = 16.0.29123.88
MinimumVisualStudioVersion = 10.0.40219.1
Project("{FAE04EC0-301F-11D3-BF4B-00C04F79EFBC}") = "Client", "Client\Client.csproj", "{4335BE18-9F22-48E0-A208-5FC6B666D0E7}"
EndProject
Project("{FAE04EC0-301F-11D3-BF4B-00C04F79EFBC}") = "SharedKernel", "SharedKernel\SharedKernel.csproj", "{D5A2D48B-4CAF-426C-8266-A1EE62CDB129}"
EndProject
Project("{9A19103F-16F7-4668-BE54-9A1E7A4F7556}") = "CarRepair.API", "CarRepair.API\CarRepair.API.csproj", "{E4D6BAE3-CE86-49A4-A6DF-5E70A9CE3AF2}"
EndProject
Project("{9A19103F-16F7-4668-BE54-9A1E7A4F7556}") = "CarRepair.Data", "CarRepair.Data\CarRepair.Data.csproj", "{E2F0D1E6-C497-47A7-A7BB-2BF9A0931100}"
EndProject
Project("{FAE04EC0-301F-11D3-BF4B-00C04F79EFBC}") = "CarRepair.Core", "CarRepair.Core\CarRepair.Core.csproj", "{1A351205-D938-404D-87E1-2AAF9A424BDD}"
EndProject
Project("{FAE04EC0-301F-11D3-BF4B-00C04F79EFBC}") = "CarRepair.API.Test", "CarRepair.API.Test\CarRepair.API.Test.csproj", "{0FA5891A-8FC4-4EAF-953B-C6FF40FD3B5D}"
EndProject
Global
	GlobalSection(SolutionConfigurationPlatforms) = preSolution
		Debug|Any CPU = Debug|Any CPU
		Release|Any CPU = Release|Any CPU
	EndGlobalSection
	GlobalSection(ProjectConfigurationPlatforms) = postSolution
		{4335BE18-9F22-48E0-A208-5FC6B666D0E7}.Debug|Any CPU.ActiveCfg = Debug|Any CPU
		{4335BE18-9F22-48E0-A208-5FC6B666D0E7}.Debug|Any CPU.Build.0 = Debug|Any CPU
		{4335BE18-9F22-48E0-A208-5FC6B666D0E7}.Release|Any CPU.ActiveCfg = Release|Any CPU
		{4335BE18-9F22-48E0-A208-5FC6B666D0E7}.Release|Any CPU.Build.0 = Release|Any CPU
		{D5A2D48B-4CAF-426C-8266-A1EE62CDB129}.Debug|Any CPU.ActiveCfg = Debug|Any CPU
		{D5A2D48B-4CAF-426C-8266-A1EE62CDB129}.Debug|Any CPU.Build.0 = Debug|Any CPU
		{D5A2D48B-4CAF-426C-8266-A1EE62CDB129}.Release|Any CPU.ActiveCfg = Release|Any CPU
		{D5A2D48B-4CAF-426C-8266-A1EE62CDB129}.Release|Any CPU.Build.0 = Release|Any CPU
		{E4D6BAE3-CE86-49A4-A6DF-5E70A9CE3AF2}.Debug|Any CPU.ActiveCfg = Debug|Any CPU
		{E4D6BAE3-CE86-49A4-A6DF-5E70A9CE3AF2}.Debug|Any CPU.Build.0 = Debug|Any CPU
		{E4D6BAE3-CE86-49A4-A6DF-5E70A9CE3AF2}.Release|Any CPU.ActiveCfg = Release|Any CPU
		{E4D6BAE3-CE86-49A4-A6DF-5E70A9CE3AF2}.Release|Any CPU.Build.0 = Release|Any CPU
		{E2F0D1E6-C497-47A7-A7BB-2BF9A0931100}.Debug|Any CPU.ActiveCfg = Debug|Any CPU
		{E2F0D1E6-C497-47A7-A7BB-2BF9A0931100}.Debug|Any CPU.Build.0 = Debug|Any CPU
		{E2F0D1E6-C497-47A7-A7BB-2BF9A0931100}.Release|Any CPU.ActiveCfg = Release|Any CPU
		{E2F0D1E6-C497-47A7-A7BB-2BF9A0931100}.Release|Any CPU.Build.0 = Release|Any CPU
		{1A351205-D938-404D-87E1-2AAF9A424BDD}.Debug|Any CPU.ActiveCfg = Debug|Any CPU
		{1A351205-D938-404D-87E1-2AAF9A424BDD}.Debug|Any CPU.Build.0 = Debug|Any CPU
		{1A351205-D938-404D-87E1-2AAF9A424BDD}.Release|Any CPU.ActiveCfg = Release|Any CPU
		{1A351205-D938-404D-87E1-2AAF9A424BDD}.Release|Any CPU.Build.0 = Release|Any CPU
		{0FA5891A-8FC4-4EAF-953B-C6FF40FD3B5D}.Debug|Any CPU.ActiveCfg = Debug|Any CPU
		{0FA5891A-8FC4-4EAF-953B-C6FF40FD3B5D}.Debug|Any CPU.Build.0 = Debug|Any CPU
		{0FA5891A-8FC4-4EAF-953B-C6FF40FD3B5D}.Release|Any CPU.ActiveCfg = Release|Any CPU
		{0FA5891A-8FC4-4EAF-953B-C6FF40FD3B5D}.Release|Any CPU.Build.0 = Release|Any CPU
	EndGlobalSection
	GlobalSection(SolutionProperties) = preSolution
		HideSolutionNode = FALSE
	EndGlobalSection
	GlobalSection(ExtensibilityGlobals) = postSolution
		SolutionGuid = {E96E31C8-A3B6-4415-A32C-1B34CE4C96FA}
	EndGlobalSection
EndGlobal
